// !$*UTF8*$!
{
	archiveVersion = 1;
	classes = {
	};
	objectVersion = 50;
	objects = {

/* Begin PBXBuildFile section */
		6A020B4D264B39D000037F5A /* AppDelegate.swift in Sources */ = {isa = PBXBuildFile; fileRef = 6A020B4C264B39D000037F5A /* AppDelegate.swift */; };
		6A020B4F264B39D000037F5A /* SceneDelegate.swift in Sources */ = {isa = PBXBuildFile; fileRef = 6A020B4E264B39D000037F5A /* SceneDelegate.swift */; };
		6A020B51264B39D000037F5A /* ViewController.swift in Sources */ = {isa = PBXBuildFile; fileRef = 6A020B50264B39D000037F5A /* ViewController.swift */; };
		6A020B54264B39D000037F5A /* Main.storyboard in Resources */ = {isa = PBXBuildFile; fileRef = 6A020B52264B39D000037F5A /* Main.storyboard */; };
		6A020B56264B39D100037F5A /* Assets.xcassets in Resources */ = {isa = PBXBuildFile; fileRef = 6A020B55264B39D100037F5A /* Assets.xcassets */; };
		6A020B59264B39D100037F5A /* LaunchScreen.storyboard in Resources */ = {isa = PBXBuildFile; fileRef = 6A020B57264B39D100037F5A /* LaunchScreen.storyboard */; };
		6A020B64264B39D100037F5A /* TipCalculator2Tests.swift in Sources */ = {isa = PBXBuildFile; fileRef = 6A020B63264B39D100037F5A /* TipCalculator2Tests.swift */; };
		6A020B6F264B39D100037F5A /* TipCalculator2UITests.swift in Sources */ = {isa = PBXBuildFile; fileRef = 6A020B6E264B39D100037F5A /* TipCalculator2UITests.swift */; };
/* End PBXBuildFile section */

/* Begin PBXContainerItemProxy section */
		6A020B60264B39D100037F5A /* PBXContainerItemProxy */ = {
			isa = PBXContainerItemProxy;
			containerPortal = 6A020B41264B39CF00037F5A /* Project object */;
			proxyType = 1;
			remoteGlobalIDString = 6A020B48264B39CF00037F5A;
			remoteInfo = TipCalculator2;
		};
		6A020B6B264B39D100037F5A /* PBXContainerItemProxy */ = {
			isa = PBXContainerItemProxy;
			containerPortal = 6A020B41264B39CF00037F5A /* Project object */;
			proxyType = 1;
			remoteGlobalIDString = 6A020B48264B39CF00037F5A;
			remoteInfo = TipCalculator2;
		};
/* End PBXContainerItemProxy section */

/* Begin PBXFileReference section */
		6A020B49264B39D000037F5A /* TipCalculator2.app */ = {isa = PBXFileReference; explicitFileType = wrapper.application; includeInIndex = 0; path = TipCalculator2.app; sourceTree = BUILT_PRODUCTS_DIR; };
		6A020B4C264B39D000037F5A /* AppDelegate.swift */ = {isa = PBXFileReference; lastKnownFileType = sourcecode.swift; path = AppDelegate.swift; sourceTree = "<group>"; };
		6A020B4E264B39D000037F5A /* SceneDelegate.swift */ = {isa = PBXFileReference; lastKnownFileType = sourcecode.swift; path = SceneDelegate.swift; sourceTree = "<group>"; };
		6A020B50264B39D000037F5A /* ViewController.swift */ = {isa = PBXFileReference; lastKnownFileType = sourcecode.swift; path = ViewController.swift; sourceTree = "<group>"; };
		6A020B53264B39D000037F5A /* Base */ = {isa = PBXFileReference; lastKnownFileType = file.storyboard; name = Base; path = Base.lproj/Main.storyboard; sourceTree = "<group>"; };
		6A020B55264B39D100037F5A /* Assets.xcassets */ = {isa = PBXFileReference; lastKnownFileType = folder.assetcatalog; path = Assets.xcassets; sourceTree = "<group>"; };
		6A020B58264B39D100037F5A /* Base */ = {isa = PBXFileReference; lastKnownFileType = file.storyboard; name = Base; path = Base.lproj/LaunchScreen.storyboard; sourceTree = "<group>"; };
		6A020B5A264B39D100037F5A /* Info.plist */ = {isa = PBXFileReference; lastKnownFileType = text.plist.xml; path = Info.plist; sourceTree = "<group>"; };
		6A020B5F264B39D100037F5A /* TipCalculator2Tests.xctest */ = {isa = PBXFileReference; explicitFileType = wrapper.cfbundle; includeInIndex = 0; path = TipCalculator2Tests.xctest; sourceTree = BUILT_PRODUCTS_DIR; };
		6A020B63264B39D100037F5A /* TipCalculator2Tests.swift */ = {isa = PBXFileReference; lastKnownFileType = sourcecode.swift; path = TipCalculator2Tests.swift; sourceTree = "<group>"; };
		6A020B65264B39D100037F5A /* Info.plist */ = {isa = PBXFileReference; lastKnownFileType = text.plist.xml; path = Info.plist; sourceTree = "<group>"; };
		6A020B6A264B39D100037F5A /* TipCalculator2UITests.xctest */ = {isa = PBXFileReference; explicitFileType = wrapper.cfbundle; includeInIndex = 0; path = TipCalculator2UITests.xctest; sourceTree = BUILT_PRODUCTS_DIR; };
		6A020B6E264B39D100037F5A /* TipCalculator2UITests.swift */ = {isa = PBXFileReference; lastKnownFileType = sourcecode.swift; path = TipCalculator2UITests.swift; sourceTree = "<group>"; };
		6A020B70264B39D100037F5A /* Info.plist */ = {isa = PBXFileReference; lastKnownFileType = text.plist.xml; path = Info.plist; sourceTree = "<group>"; };
/* End PBXFileReference section */

/* Begin PBXFrameworksBuildPhase section */
		6A020B46264B39CF00037F5A /* Frameworks */ = {
			isa = PBXFrameworksBuildPhase;
			buildActionMask = 2147483647;
			files = (
			);
			runOnlyForDeploymentPostprocessing = 0;
		};
		6A020B5C264B39D100037F5A /* Frameworks */ = {
			isa = PBXFrameworksBuildPhase;
			buildActionMask = 2147483647;
			files = (
			);
			runOnlyForDeploymentPostprocessing = 0;
		};
		6A020B67264B39D100037F5A /* Frameworks */ = {
			isa = PBXFrameworksBuildPhase;
			buildActionMask = 2147483647;
			files = (
			);
			runOnlyForDeploymentPostprocessing = 0;
		};
/* End PBXFrameworksBuildPhase section */

/* Begin PBXGroup section */
		6A020B40264B39CF00037F5A = {
			isa = PBXGroup;
			children = (
				6A020B4B264B39D000037F5A /* TipCalculator2 */,
				6A020B62264B39D100037F5A /* TipCalculator2Tests */,
				6A020B6D264B39D100037F5A /* TipCalculator2UITests */,
				6A020B4A264B39D000037F5A /* Products */,
			);
			sourceTree = "<group>";
		};
		6A020B4A264B39D000037F5A /* Products */ = {
			isa = PBXGroup;
			children = (
				6A020B49264B39D000037F5A /* TipCalculator2.app */,
				6A020B5F264B39D100037F5A /* TipCalculator2Tests.xctest */,
				6A020B6A264B39D100037F5A /* TipCalculator2UITests.xctest */,
			);
			name = Products;
			sourceTree = "<group>";
		};
		6A020B4B264B39D000037F5A /* TipCalculator2 */ = {
			isa = PBXGroup;
			children = (
				6A020B4C264B39D000037F5A /* AppDelegate.swift */,
				6A020B4E264B39D000037F5A /* SceneDelegate.swift */,
				6A020B50264B39D000037F5A /* ViewController.swift */,
				6A020B52264B39D000037F5A /* Main.storyboard */,
				6A020B55264B39D100037F5A /* Assets.xcassets */,
				6A020B57264B39D100037F5A /* LaunchScreen.storyboard */,
				6A020B5A264B39D100037F5A /* Info.plist */,
			);
			path = TipCalculator2;
			sourceTree = "<group>";
		};
		6A020B62264B39D100037F5A /* TipCalculator2Tests */ = {
			isa = PBXGroup;
			children = (
				6A020B63264B39D100037F5A /* TipCalculator2Tests.swift */,
				6A020B65264B39D100037F5A /* Info.plist */,
			);
			path = TipCalculator2Tests;
			sourceTree = "<group>";
		};
		6A020B6D264B39D100037F5A /* TipCalculator2UITests */ = {
			isa = PBXGroup;
			children = (
				6A020B6E264B39D100037F5A /* TipCalculator2UITests.swift */,
				6A020B70264B39D100037F5A /* Info.plist */,
			);
			path = TipCalculator2UITests;
			sourceTree = "<group>";
		};
/* End PBXGroup section */

/* Begin PBXNativeTarget section */
		6A020B48264B39CF00037F5A /* TipCalculator2 */ = {
			isa = PBXNativeTarget;
			buildConfigurationList = 6A020B73264B39D100037F5A /* Build configuration list for PBXNativeTarget "TipCalculator2" */;
			buildPhases = (
				6A020B45264B39CF00037F5A /* Sources */,
				6A020B46264B39CF00037F5A /* Frameworks */,
				6A020B47264B39CF00037F5A /* Resources */,
			);
			buildRules = (
			);
			dependencies = (
			);
			name = TipCalculator2;
			productName = TipCalculator2;
			productReference = 6A020B49264B39D000037F5A /* TipCalculator2.app */;
			productType = "com.apple.product-type.application";
		};
		6A020B5E264B39D100037F5A /* TipCalculator2Tests */ = {
			isa = PBXNativeTarget;
			buildConfigurationList = 6A020B76264B39D100037F5A /* Build configuration list for PBXNativeTarget "TipCalculator2Tests" */;
			buildPhases = (
				6A020B5B264B39D100037F5A /* Sources */,
				6A020B5C264B39D100037F5A /* Frameworks */,
				6A020B5D264B39D100037F5A /* Resources */,
			);
			buildRules = (
			);
			dependencies = (
				6A020B61264B39D100037F5A /* PBXTargetDependency */,
			);
			name = TipCalculator2Tests;
			productName = TipCalculator2Tests;
			productReference = 6A020B5F264B39D100037F5A /* TipCalculator2Tests.xctest */;
			productType = "com.apple.product-type.bundle.unit-test";
		};
		6A020B69264B39D100037F5A /* TipCalculator2UITests */ = {
			isa = PBXNativeTarget;
			buildConfigurationList = 6A020B79264B39D100037F5A /* Build configuration list for PBXNativeTarget "TipCalculator2UITests" */;
			buildPhases = (
				6A020B66264B39D100037F5A /* Sources */,
				6A020B67264B39D100037F5A /* Frameworks */,
				6A020B68264B39D100037F5A /* Resources */,
			);
			buildRules = (
			);
			dependencies = (
				6A020B6C264B39D100037F5A /* PBXTargetDependency */,
			);
			name = TipCalculator2UITests;
			productName = TipCalculator2UITests;
			productReference = 6A020B6A264B39D100037F5A /* TipCalculator2UITests.xctest */;
			productType = "com.apple.product-type.bundle.ui-testing";
		};
/* End PBXNativeTarget section */

/* Begin PBXProject section */
		6A020B41264B39CF00037F5A /* Project object */ = {
			isa = PBXProject;
			attributes = {
				LastSwiftUpdateCheck = 1250;
				LastUpgradeCheck = 1250;
				TargetAttributes = {
					6A020B48264B39CF00037F5A = {
						CreatedOnToolsVersion = 12.5;
					};
					6A020B5E264B39D100037F5A = {
						CreatedOnToolsVersion = 12.5;
						TestTargetID = 6A020B48264B39CF00037F5A;
					};
					6A020B69264B39D100037F5A = {
						CreatedOnToolsVersion = 12.5;
						TestTargetID = 6A020B48264B39CF00037F5A;
					};
				};
			};
			buildConfigurationList = 6A020B44264B39CF00037F5A /* Build configuration list for PBXProject "TipCalculator2" */;
			compatibilityVersion = "Xcode 9.3";
			developmentRegion = en;
			hasScannedForEncodings = 0;
			knownRegions = (
				en,
				Base,
			);
			mainGroup = 6A020B40264B39CF00037F5A;
			productRefGroup = 6A020B4A264B39D000037F5A /* Products */;
			projectDirPath = "";
			projectRoot = "";
			targets = (
				6A020B48264B39CF00037F5A /* TipCalculator2 */,
				6A020B5E264B39D100037F5A /* TipCalculator2Tests */,
				6A020B69264B39D100037F5A /* TipCalculator2UITests */,
			);
		};
/* End PBXProject section */

/* Begin PBXResourcesBuildPhase section */
		6A020B47264B39CF00037F5A /* Resources */ = {
			isa = PBXResourcesBuildPhase;
			buildActionMask = 2147483647;
			files = (
				6A020B59264B39D100037F5A /* LaunchScreen.storyboard in Resources */,
				6A020B56264B39D100037F5A /* Assets.xcassets in Resources */,
				6A020B54264B39D000037F5A /* Main.storyboard in Resources */,
			);
			runOnlyForDeploymentPostprocessing = 0;
		};
		6A020B5D264B39D100037F5A /* Resources */ = {
			isa = PBXResourcesBuildPhase;
			buildActionMask = 2147483647;
			files = (
			);
			runOnlyForDeploymentPostprocessing = 0;
		};
		6A020B68264B39D100037F5A /* Resources */ = {
			isa = PBXResourcesBuildPhase;
			buildActionMask = 2147483647;
			files = (
			);
			runOnlyForDeploymentPostprocessing = 0;
		};
/* End PBXResourcesBuildPhase section */

/* Begin PBXSourcesBuildPhase section */
		6A020B45264B39CF00037F5A /* Sources */ = {
			isa = PBXSourcesBuildPhase;
			buildActionMask = 2147483647;
			files = (
				6A020B51264B39D000037F5A /* ViewController.swift in Sources */,
				6A020B4D264B39D000037F5A /* AppDelegate.swift in Sources */,
				6A020B4F264B39D000037F5A /* SceneDelegate.swift in Sources */,
			);
			runOnlyForDeploymentPostprocessing = 0;
		};
		6A020B5B264B39D100037F5A /* Sources */ = {
			isa = PBXSourcesBuildPhase;
			buildActionMask = 2147483647;
			files = (
				6A020B64264B39D100037F5A /* TipCalculator2Tests.swift in Sources */,
			);
			runOnlyForDeploymentPostprocessing = 0;
		};
		6A020B66264B39D100037F5A /* Sources */ = {
			isa = PBXSourcesBuildPhase;
			buildActionMask = 2147483647;
			files = (
				6A020B6F264B39D100037F5A /* TipCalculator2UITests.swift in Sources */,
			);
			runOnlyForDeploymentPostprocessing = 0;
		};
/* End PBXSourcesBuildPhase section */

/* Begin PBXTargetDependency section */
		6A020B61264B39D100037F5A /* PBXTargetDependency */ = {
			isa = PBXTargetDependency;
			target = 6A020B48264B39CF00037F5A /* TipCalculator2 */;
			targetProxy = 6A020B60264B39D100037F5A /* PBXContainerItemProxy */;
		};
		6A020B6C264B39D100037F5A /* PBXTargetDependency */ = {
			isa = PBXTargetDependency;
			target = 6A020B48264B39CF00037F5A /* TipCalculator2 */;
			targetProxy = 6A020B6B264B39D100037F5A /* PBXContainerItemProxy */;
		};
/* End PBXTargetDependency section */

/* Begin PBXVariantGroup section */
		6A020B52264B39D000037F5A /* Main.storyboard */ = {
			isa = PBXVariantGroup;
			children = (
				6A020B53264B39D000037F5A /* Base */,
			);
			name = Main.storyboard;
			sourceTree = "<group>";
		};
		6A020B57264B39D100037F5A /* LaunchScreen.storyboard */ = {
			isa = PBXVariantGroup;
			children = (
				6A020B58264B39D100037F5A /* Base */,
			);
			name = LaunchScreen.storyboard;
			sourceTree = "<group>";
		};
/* End PBXVariantGroup section */

/* Begin XCBuildConfiguration section */
		6A020B71264B39D100037F5A /* Debug */ = {
			isa = XCBuildConfiguration;
			buildSettings = {
				ALWAYS_SEARCH_USER_PATHS = NO;
				CLANG_ANALYZER_NONNULL = YES;
				CLANG_ANALYZER_NUMBER_OBJECT_CONVERSION = YES_AGGRESSIVE;
				CLANG_CXX_LANGUAGE_STANDARD = "gnu++14";
				CLANG_CXX_LIBRARY = "libc++";
				CLANG_ENABLE_MODULES = YES;
				CLANG_ENABLE_OBJC_ARC = YES;
				CLANG_ENABLE_OBJC_WEAK = YES;
				CLANG_WARN_BLOCK_CAPTURE_AUTORELEASING = YES;
				CLANG_WARN_BOOL_CONVERSION = YES;
				CLANG_WARN_COMMA = YES;
				CLANG_WARN_CONSTANT_CONVERSION = YES;
				CLANG_WARN_DEPRECATED_OBJC_IMPLEMENTATIONS = YES;
				CLANG_WARN_DIRECT_OBJC_ISA_USAGE = YES_ERROR;
				CLANG_WARN_DOCUMENTATION_COMMENTS = YES;
				CLANG_WARN_EMPTY_BODY = YES;
				CLANG_WARN_ENUM_CONVERSION = YES;
				CLANG_WARN_INFINITE_RECURSION = YES;
				CLANG_WARN_INT_CONVERSION = YES;
				CLANG_WARN_NON_LITERAL_NULL_CONVERSION = YES;
				CLANG_WARN_OBJC_IMPLICIT_RETAIN_SELF = YES;
				CLANG_WARN_OBJC_LITERAL_CONVERSION = YES;
				CLANG_WARN_OBJC_ROOT_CLASS = YES_ERROR;
				CLANG_WARN_QUOTED_INCLUDE_IN_FRAMEWORK_HEADER = YES;
				CLANG_WARN_RANGE_LOOP_ANALYSIS = YES;
				CLANG_WARN_STRICT_PROTOTYPES = YES;
				CLANG_WARN_SUSPICIOUS_MOVE = YES;
				CLANG_WARN_UNGUARDED_AVAILABILITY = YES_AGGRESSIVE;
				CLANG_WARN_UNREACHABLE_CODE = YES;
				CLANG_WARN__DUPLICATE_METHOD_MATCH = YES;
				COPY_PHASE_STRIP = NO;
				DEBUG_INFORMATION_FORMAT = dwarf;
				ENABLE_STRICT_OBJC_MSGSEND = YES;
				ENABLE_TESTABILITY = YES;
				GCC_C_LANGUAGE_STANDARD = gnu11;
				GCC_DYNAMIC_NO_PIC = NO;
				GCC_NO_COMMON_BLOCKS = YES;
				GCC_OPTIMIZATION_LEVEL = 0;
				GCC_PREPROCESSOR_DEFINITIONS = (
					"DEBUG=1",
					"$(inherited)",
				);
				GCC_WARN_64_TO_32_BIT_CONVERSION = YES;
				GCC_WARN_ABOUT_RETURN_TYPE = YES_ERROR;
				GCC_WARN_UNDECLARED_SELECTOR = YES;
				GCC_WARN_UNINITIALIZED_AUTOS = YES_AGGRESSIVE;
				GCC_WARN_UNUSED_FUNCTION = YES;
				GCC_WARN_UNUSED_VARIABLE = YES;
				IPHONEOS_DEPLOYMENT_TARGET = 14.5;
				MTL_ENABLE_DEBUG_INFO = INCLUDE_SOURCE;
				MTL_FAST_MATH = YES;
				ONLY_ACTIVE_ARCH = YES;
				SDKROOT = iphoneos;
				SWIFT_ACTIVE_COMPILATION_CONDITIONS = DEBUG;
				SWIFT_OPTIMIZATION_LEVEL = "-Onone";
			};
			name = Debug;
		};
		6A020B72264B39D100037F5A /* Release */ = {
			isa = XCBuildConfiguration;
			buildSettings = {
				ALWAYS_SEARCH_USER_PATHS = NO;
				CLANG_ANALYZER_NONNULL = YES;
				CLANG_ANALYZER_NUMBER_OBJECT_CONVERSION = YES_AGGRESSIVE;
				CLANG_CXX_LANGUAGE_STANDARD = "gnu++14";
				CLANG_CXX_LIBRARY = "libc++";
				CLANG_ENABLE_MODULES = YES;
				CLANG_ENABLE_OBJC_ARC = YES;
				CLANG_ENABLE_OBJC_WEAK = YES;
				CLANG_WARN_BLOCK_CAPTURE_AUTORELEASING = YES;
				CLANG_WARN_BOOL_CONVERSION = YES;
				CLANG_WARN_COMMA = YES;
				CLANG_WARN_CONSTANT_CONVERSION = YES;
				CLANG_WARN_DEPRECATED_OBJC_IMPLEMENTATIONS = YES;
				CLANG_WARN_DIRECT_OBJC_ISA_USAGE = YES_ERROR;
				CLANG_WARN_DOCUMENTATION_COMMENTS = YES;
				CLANG_WARN_EMPTY_BODY = YES;
				CLANG_WARN_ENUM_CONVERSION = YES;
				CLANG_WARN_INFINITE_RECURSION = YES;
				CLANG_WARN_INT_CONVERSION = YES;
				CLANG_WARN_NON_LITERAL_NULL_CONVERSION = YES;
				CLANG_WARN_OBJC_IMPLICIT_RETAIN_SELF = YES;
				CLANG_WARN_OBJC_LITERAL_CONVERSION = YES;
				CLANG_WARN_OBJC_ROOT_CLASS = YES_ERROR;
				CLANG_WARN_QUOTED_INCLUDE_IN_FRAMEWORK_HEADER = YES;
				CLANG_WARN_RANGE_LOOP_ANALYSIS = YES;
				CLANG_WARN_STRICT_PROTOTYPES = YES;
				CLANG_WARN_SUSPICIOUS_MOVE = YES;
				CLANG_WARN_UNGUARDED_AVAILABILITY = YES_AGGRESSIVE;
				CLANG_WARN_UNREACHABLE_CODE = YES;
				CLANG_WARN__DUPLICATE_METHOD_MATCH = YES;
				COPY_PHASE_STRIP = NO;
				DEBUG_INFORMATION_FORMAT = "dwarf-with-dsym";
				ENABLE_NS_ASSERTIONS = NO;
				ENABLE_STRICT_OBJC_MSGSEND = YES;
				GCC_C_LANGUAGE_STANDARD = gnu11;
				GCC_NO_COMMON_BLOCKS = YES;
				GCC_WARN_64_TO_32_BIT_CONVERSION = YES;
				GCC_WARN_ABOUT_RETURN_TYPE = YES_ERROR;
				GCC_WARN_UNDECLARED_SELECTOR = YES;
				GCC_WARN_UNINITIALIZED_AUTOS = YES_AGGRESSIVE;
				GCC_WARN_UNUSED_FUNCTION = YES;
				GCC_WARN_UNUSED_VARIABLE = YES;
				IPHONEOS_DEPLOYMENT_TARGET = 14.5;
				MTL_ENABLE_DEBUG_INFO = NO;
				MTL_FAST_MATH = YES;
				SDKROOT = iphoneos;
				SWIFT_COMPILATION_MODE = wholemodule;
				SWIFT_OPTIMIZATION_LEVEL = "-O";
				VALIDATE_PRODUCT = YES;
			};
			name = Release;
		};
		6A020B74264B39D100037F5A /* Debug */ = {
			isa = XCBuildConfiguration;
			buildSettings = {
				ASSETCATALOG_COMPILER_APPICON_NAME = AppIcon;
				ASSETCATALOG_COMPILER_GLOBAL_ACCENT_COLOR_NAME = AccentColor;
				CODE_SIGN_STYLE = Automatic;
				DEVELOPMENT_TEAM = 9JNZCYS6XR;
				INFOPLIST_FILE = TipCalculator2/Info.plist;
				LD_RUNPATH_SEARCH_PATHS = (
					"$(inherited)",
					"@executable_path/Frameworks",
				);
				PRODUCT_BUNDLE_IDENTIFIER = yrua.TipCalculator2;
				PRODUCT_NAME = "$(TARGET_NAME)";
				SWIFT_VERSION = 5.0;
				TARGETED_DEVICE_FAMILY = "1,2";
			};
			name = Debug;
		};
		6A020B75264B39D100037F5A /* Release */ = {
			isa = XCBuildConfiguration;
			buildSettings = {
				ASSETCATALOG_COMPILER_APPICON_NAME = AppIcon;
				ASSETCATALOG_COMPILER_GLOBAL_ACCENT_COLOR_NAME = AccentColor;
				CODE_SIGN_STYLE = Automatic;
				DEVELOPMENT_TEAM = 9JNZCYS6XR;
				INFOPLIST_FILE = TipCalculator2/Info.plist;
				LD_RUNPATH_SEARCH_PATHS = (
					"$(inherited)",
					"@executable_path/Frameworks",
				);
				PRODUCT_BUNDLE_IDENTIFIER = yrua.TipCalculator2;
				PRODUCT_NAME = "$(TARGET_NAME)";
				SWIFT_VERSION = 5.0;
				TARGETED_DEVICE_FAMILY = "1,2";
			};
			name = Release;
		};
		6A020B77264B39D100037F5A /* Debug */ = {
			isa = XCBuildConfiguration;
			buildSettings = {
				ALWAYS_EMBED_SWIFT_STANDARD_LIBRARIES = YES;
				BUNDLE_LOADER = "$(TEST_HOST)";
				CODE_SIGN_STYLE = Automatic;
				DEVELOPMENT_TEAM = 9JNZCYS6XR;
				INFOPLIST_FILE = TipCalculator2Tests/Info.plist;
				IPHONEOS_DEPLOYMENT_TARGET = 14.5;
				LD_RUNPATH_SEARCH_PATHS = (
					"$(inherited)",
					"@executable_path/Frameworks",
					"@loader_path/Frameworks",
				);
				PRODUCT_BUNDLE_IDENTIFIER = yrua.TipCalculator2Tests;
				PRODUCT_NAME = "$(TARGET_NAME)";
				SWIFT_VERSION = 5.0;
				TARGETED_DEVICE_FAMILY = "1,2";
				TEST_HOST = "$(BUILT_PRODUCTS_DIR)/TipCalculator2.app/TipCalculator2";
			};
			name = Debug;
		};
		6A020B78264B39D100037F5A /* Release */ = {
			isa = XCBuildConfiguration;
			buildSettings = {
				ALWAYS_EMBED_SWIFT_STANDARD_LIBRARIES = YES;
				BUNDLE_LOADER = "$(TEST_HOST)";
				CODE_SIGN_STYLE = Automatic;
				DEVELOPMENT_TEAM = 9JNZCYS6XR;
				INFOPLIST_FILE = TipCalculator2Tests/Info.plist;
				IPHONEOS_DEPLOYMENT_TARGET = 14.5;
				LD_RUNPATH_SEARCH_PATHS = (
					"$(inherited)",
					"@executable_path/Frameworks",
					"@loader_path/Frameworks",
				);
				PRODUCT_BUNDLE_IDENTIFIER = yrua.TipCalculator2Tests;
				PRODUCT_NAME = "$(TARGET_NAME)";
				SWIFT_VERSION = 5.0;
				TARGETED_DEVICE_FAMILY = "1,2";
				TEST_HOST = "$(BUILT_PRODUCTS_DIR)/TipCalculator2.app/TipCalculator2";
			};
			name = Release;
		};
		6A020B7A264B39D100037F5A /* Debug */ = {
			isa = XCBuildConfiguration;
			buildSettings = {
				ALWAYS_EMBED_SWIFT_STANDARD_LIBRARIES = YES;
				CODE_SIGN_STYLE = Automatic;
				DEVELOPMENT_TEAM = 9JNZCYS6XR;
				INFOPLIST_FILE = TipCalculator2UITests/Info.plist;
				LD_RUNPATH_SEARCH_PATHS = (
					"$(inherited)",
					"@executable_path/Frameworks",
					"@loader_path/Frameworks",
				);
				PRODUCT_BUNDLE_IDENTIFIER = yrua.TipCalculator2UITests;
				PRODUCT_NAME = "$(TARGET_NAME)";
				SWIFT_VERSION = 5.0;
				TARGETED_DEVICE_FAMILY = "1,2";
				TEST_TARGET_NAME = TipCalculator2;
			};
			name = Debug;
		};
		6A020B7B264B39D100037F5A /* Release */ = {
			isa = XCBuildConfiguration;
			buildSettings = {
				ALWAYS_EMBED_SWIFT_STANDARD_LIBRARIES = YES;
				CODE_SIGN_STYLE = Automatic;
				DEVELOPMENT_TEAM = 9JNZCYS6XR;
				INFOPLIST_FILE = TipCalculator2UITests/Info.plist;
				LD_RUNPATH_SEARCH_PATHS = (
					"$(inherited)",
					"@executable_path/Frameworks",
					"@loader_path/Frameworks",
				);
				PRODUCT_BUNDLE_IDENTIFIER = yrua.TipCalculator2UITests;
				PRODUCT_NAME = "$(TARGET_NAME)";
				SWIFT_VERSION = 5.0;
				TARGETED_DEVICE_FAMILY = "1,2";
				TEST_TARGET_NAME = TipCalculator2;
			};
			name = Release;
		};
/* End XCBuildConfiguration section */

/* Begin XCConfigurationList section */
		6A020B44264B39CF00037F5A /* Build configuration list for PBXProject "TipCalculator2" */ = {
			isa = XCConfigurationList;
			buildConfigurations = (
				6A020B71264B39D100037F5A /* Debug */,
				6A020B72264B39D100037F5A /* Release */,
			);
			defaultConfigurationIsVisible = 0;
			defaultConfigurationName = Release;
		};
		6A020B73264B39D100037F5A /* Build configuration list for PBXNativeTarget "TipCalculator2" */ = {
			isa = XCConfigurationList;
			buildConfigurations = (
				6A020B74264B39D100037F5A /* Debug */,
				6A020B75264B39D100037F5A /* Release */,
			);
			defaultConfigurationIsVisible = 0;
			defaultConfigurationName = Release;
		};
		6A020B76264B39D100037F5A /* Build configuration list for PBXNativeTarget "TipCalculator2Tests" */ = {
			isa = XCConfigurationList;
			buildConfigurations = (
				6A020B77264B39D100037F5A /* Debug */,
				6A020B78264B39D100037F5A /* Release */,
			);
			defaultConfigurationIsVisible = 0;
			defaultConfigurationName = Release;
		};
		6A020B79264B39D100037F5A /* Build configuration list for PBXNativeTarget "TipCalculator2UITests" */ = {
			isa = XCConfigurationList;
			buildConfigurations = (
				6A020B7A264B39D100037F5A /* Debug */,
				6A020B7B264B39D100037F5A /* Release */,
			);
			defaultConfigurationIsVisible = 0;
			defaultConfigurationName = Release;
		};
/* End XCConfigurationList section */
	};
	rootObject = 6A020B41264B39CF00037F5A /* Project object */;
}
